
Microsoft Visual Studio Solution File, Format Version 12.00
# Visual Studio Version 16
VisualStudioVersion = 16.6.30114.105
MinimumVisualStudioVersion = 10.0.40219.1
Project("{2150E333-8FDC-42A3-9474-1A3956D46DE8}") = "src", "src", "{91B9C96E-6B77-4D7F-B6D8-834FE7BDCA1E}"
EndProject
Project("{2150E333-8FDC-42A3-9474-1A3956D46DE8}") = "lib", "lib", "{DFBBBDA5-C040-4279-B7FA-90FEA9ED5851}"
EndProject
Project("{FAE04EC0-301F-11D3-BF4B-00C04F79EFBC}") = "CCipher", "src\lib\CCipher\CCipher.csproj", "{E5C8F76A-446E-460C-A7AD-183FA122D26F}"
EndProject
Project("{2150E333-8FDC-42A3-9474-1A3956D46DE8}") = "console", "console", "{C6718A6A-D10D-40C6-8C24-F06E28F9E743}"
EndProject
Project("{FAE04EC0-301F-11D3-BF4B-00C04F79EFBC}") = "FurryCipher", "src\console\FurryCipher\FurryCipher.csproj", "{52112E9A-42C4-4553-BC64-7F75B42FE096}"
EndProject
Global
	GlobalSection(SolutionConfigurationPlatforms) = preSolution
		Debug|Any CPU = Debug|Any CPU
		Debug|x64 = Debug|x64
		Debug|x86 = Debug|x86
		Release|Any CPU = Release|Any CPU
		Release|x64 = Release|x64
		Release|x86 = Release|x86
	EndGlobalSection
	GlobalSection(SolutionProperties) = preSolution
		HideSolutionNode = FALSE
	EndGlobalSection
	GlobalSection(ProjectConfigurationPlatforms) = postSolution
		{E5C8F76A-446E-460C-A7AD-183FA122D26F}.Debug|Any CPU.ActiveCfg = Debug|Any CPU
		{E5C8F76A-446E-460C-A7AD-183FA122D26F}.Debug|Any CPU.Build.0 = Debug|Any CPU
		{E5C8F76A-446E-460C-A7AD-183FA122D26F}.Debug|x64.ActiveCfg = Debug|Any CPU
		{E5C8F76A-446E-460C-A7AD-183FA122D26F}.Debug|x64.Build.0 = Debug|Any CPU
		{E5C8F76A-446E-460C-A7AD-183FA122D26F}.Debug|x86.ActiveCfg = Debug|Any CPU
		{E5C8F76A-446E-460C-A7AD-183FA122D26F}.Debug|x86.Build.0 = Debug|Any CPU
		{E5C8F76A-446E-460C-A7AD-183FA122D26F}.Release|Any CPU.ActiveCfg = Release|Any CPU
		{E5C8F76A-446E-460C-A7AD-183FA122D26F}.Release|Any CPU.Build.0 = Release|Any CPU
		{E5C8F76A-446E-460C-A7AD-183FA122D26F}.Release|x64.ActiveCfg = Release|Any CPU
		{E5C8F76A-446E-460C-A7AD-183FA122D26F}.Release|x64.Build.0 = Release|Any CPU
		{E5C8F76A-446E-460C-A7AD-183FA122D26F}.Release|x86.ActiveCfg = Release|Any CPU
		{E5C8F76A-446E-460C-A7AD-183FA122D26F}.Release|x86.Build.0 = Release|Any CPU
		{52112E9A-42C4-4553-BC64-7F75B42FE096}.Debug|Any CPU.ActiveCfg = Debug|Any CPU
		{52112E9A-42C4-4553-BC64-7F75B42FE096}.Debug|Any CPU.Build.0 = Debug|Any CPU
		{52112E9A-42C4-4553-BC64-7F75B42FE096}.Debug|x64.ActiveCfg = Debug|Any CPU
		{52112E9A-42C4-4553-BC64-7F75B42FE096}.Debug|x64.Build.0 = Debug|Any CPU
		{52112E9A-42C4-4553-BC64-7F75B42FE096}.Debug|x86.ActiveCfg = Debug|Any CPU
		{52112E9A-42C4-4553-BC64-7F75B42FE096}.Debug|x86.Build.0 = Debug|Any CPU
		{52112E9A-42C4-4553-BC64-7F75B42FE096}.Release|Any CPU.ActiveCfg = Release|Any CPU
		{52112E9A-42C4-4553-BC64-7F75B42FE096}.Release|Any CPU.Build.0 = Release|Any CPU
		{52112E9A-42C4-4553-BC64-7F75B42FE096}.Release|x64.ActiveCfg = Release|Any CPU
		{52112E9A-42C4-4553-BC64-7F75B42FE096}.Release|x64.Build.0 = Release|Any CPU
		{52112E9A-42C4-4553-BC64-7F75B42FE096}.Release|x86.ActiveCfg = Release|Any CPU
		{52112E9A-42C4-4553-BC64-7F75B42FE096}.Release|x86.Build.0 = Release|Any CPU
	EndGlobalSection
	GlobalSection(NestedProjects) = preSolution
		{DFBBBDA5-C040-4279-B7FA-90FEA9ED5851} = {91B9C96E-6B77-4D7F-B6D8-834FE7BDCA1E}
		{E5C8F76A-446E-460C-A7AD-183FA122D26F} = {DFBBBDA5-C040-4279-B7FA-90FEA9ED5851}
		{C6718A6A-D10D-40C6-8C24-F06E28F9E743} = {91B9C96E-6B77-4D7F-B6D8-834FE7BDCA1E}
		{52112E9A-42C4-4553-BC64-7F75B42FE096} = {C6718A6A-D10D-40C6-8C24-F06E28F9E743}
	EndGlobalSection
EndGlobal
